// !$*UTF8*$!
{
	archiveVersion = 1;
	classes = {
	};
	objectVersion = 50;
	objects = {

/* Begin PBXBuildFile section */
		1DB2FDAC222A5C9B005A996F /* AppDelegate.swift in Sources */ = {isa = PBXBuildFile; fileRef = 1DB2FDAB222A5C9B005A996F /* AppDelegate.swift */; };
		1DB2FDAE222A5C9B005A996F /* ViewController.swift in Sources */ = {isa = PBXBuildFile; fileRef = 1DB2FDAD222A5C9B005A996F /* ViewController.swift */; };
		1DB2FDB1222A5C9B005A996F /* Main.storyboard in Resources */ = {isa = PBXBuildFile; fileRef = 1DB2FDAF222A5C9B005A996F /* Main.storyboard */; };
		1DB2FDB3222A5C9F005A996F /* Assets.xcassets in Resources */ = {isa = PBXBuildFile; fileRef = 1DB2FDB2222A5C9F005A996F /* Assets.xcassets */; };
		1DB2FDB6222A5C9F005A996F /* LaunchScreen.storyboard in Resources */ = {isa = PBXBuildFile; fileRef = 1DB2FDB4222A5C9F005A996F /* LaunchScreen.storyboard */; };
		1DB2FDC1222A5C9F005A996F /* ParstagramTests.swift in Sources */ = {isa = PBXBuildFile; fileRef = 1DB2FDC0222A5C9F005A996F /* ParstagramTests.swift */; };
		1DB2FDCC222A5C9F005A996F /* ParstagramUITests.swift in Sources */ = {isa = PBXBuildFile; fileRef = 1DB2FDCB222A5C9F005A996F /* ParstagramUITests.swift */; };
/* End PBXBuildFile section */

/* Begin PBXContainerItemProxy section */
		1DB2FDBD222A5C9F005A996F /* PBXContainerItemProxy */ = {
			isa = PBXContainerItemProxy;
			containerPortal = 1DB2FDA0222A5C9B005A996F /* Project object */;
			proxyType = 1;
			remoteGlobalIDString = 1DB2FDA7222A5C9B005A996F;
			remoteInfo = Parstagram;
		};
		1DB2FDC8222A5C9F005A996F /* PBXContainerItemProxy */ = {
			isa = PBXContainerItemProxy;
			containerPortal = 1DB2FDA0222A5C9B005A996F /* Project object */;
			proxyType = 1;
			remoteGlobalIDString = 1DB2FDA7222A5C9B005A996F;
			remoteInfo = Parstagram;
		};
/* End PBXContainerItemProxy section */

/* Begin PBXFileReference section */
		1DB2FDA8222A5C9B005A996F /* Parstagram.app */ = {isa = PBXFileReference; explicitFileType = wrapper.application; includeInIndex = 0; path = Parstagram.app; sourceTree = BUILT_PRODUCTS_DIR; };
		1DB2FDAB222A5C9B005A996F /* AppDelegate.swift */ = {isa = PBXFileReference; lastKnownFileType = sourcecode.swift; path = AppDelegate.swift; sourceTree = "<group>"; };
		1DB2FDAD222A5C9B005A996F /* ViewController.swift */ = {isa = PBXFileReference; lastKnownFileType = sourcecode.swift; path = ViewController.swift; sourceTree = "<group>"; };
		1DB2FDB0222A5C9B005A996F /* Base */ = {isa = PBXFileReference; lastKnownFileType = file.storyboard; name = Base; path = Base.lproj/Main.storyboard; sourceTree = "<group>"; };
		1DB2FDB2222A5C9F005A996F /* Assets.xcassets */ = {isa = PBXFileReference; lastKnownFileType = folder.assetcatalog; path = Assets.xcassets; sourceTree = "<group>"; };
		1DB2FDB5222A5C9F005A996F /* Base */ = {isa = PBXFileReference; lastKnownFileType = file.storyboard; name = Base; path = Base.lproj/LaunchScreen.storyboard; sourceTree = "<group>"; };
		1DB2FDB7222A5C9F005A996F /* Info.plist */ = {isa = PBXFileReference; lastKnownFileType = text.plist.xml; path = Info.plist; sourceTree = "<group>"; };
		1DB2FDBC222A5C9F005A996F /* ParstagramTests.xctest */ = {isa = PBXFileReference; explicitFileType = wrapper.cfbundle; includeInIndex = 0; path = ParstagramTests.xctest; sourceTree = BUILT_PRODUCTS_DIR; };
		1DB2FDC0222A5C9F005A996F /* ParstagramTests.swift */ = {isa = PBXFileReference; lastKnownFileType = sourcecode.swift; path = ParstagramTests.swift; sourceTree = "<group>"; };
		1DB2FDC2222A5C9F005A996F /* Info.plist */ = {isa = PBXFileReference; lastKnownFileType = text.plist.xml; path = Info.plist; sourceTree = "<group>"; };
		1DB2FDC7222A5C9F005A996F /* ParstagramUITests.xctest */ = {isa = PBXFileReference; explicitFileType = wrapper.cfbundle; includeInIndex = 0; path = ParstagramUITests.xctest; sourceTree = BUILT_PRODUCTS_DIR; };
		1DB2FDCB222A5C9F005A996F /* ParstagramUITests.swift */ = {isa = PBXFileReference; lastKnownFileType = sourcecode.swift; path = ParstagramUITests.swift; sourceTree = "<group>"; };
		1DB2FDCD222A5C9F005A996F /* Info.plist */ = {isa = PBXFileReference; lastKnownFileType = text.plist.xml; path = Info.plist; sourceTree = "<group>"; };
/* End PBXFileReference section */

/* Begin PBXFrameworksBuildPhase section */
		1DB2FDA5222A5C9B005A996F /* Frameworks */ = {
			isa = PBXFrameworksBuildPhase;
			buildActionMask = 2147483647;
			files = (
			);
			runOnlyForDeploymentPostprocessing = 0;
		};
		1DB2FDB9222A5C9F005A996F /* Frameworks */ = {
			isa = PBXFrameworksBuildPhase;
			buildActionMask = 2147483647;
			files = (
			);
			runOnlyForDeploymentPostprocessing = 0;
		};
		1DB2FDC4222A5C9F005A996F /* Frameworks */ = {
			isa = PBXFrameworksBuildPhase;
			buildActionMask = 2147483647;
			files = (
			);
			runOnlyForDeploymentPostprocessing = 0;
		};
/* End PBXFrameworksBuildPhase section */

/* Begin PBXGroup section */
		1DB2FD9F222A5C9B005A996F = {
			isa = PBXGroup;
			children = (
				1DB2FDAA222A5C9B005A996F /* Parstagram */,
				1DB2FDBF222A5C9F005A996F /* ParstagramTests */,
				1DB2FDCA222A5C9F005A996F /* ParstagramUITests */,
				1DB2FDA9222A5C9B005A996F /* Products */,
			);
			sourceTree = "<group>";
		};
		1DB2FDA9222A5C9B005A996F /* Products */ = {
			isa = PBXGroup;
			children = (
				1DB2FDA8222A5C9B005A996F /* Parstagram.app */,
				1DB2FDBC222A5C9F005A996F /* ParstagramTests.xctest */,
				1DB2FDC7222A5C9F005A996F /* ParstagramUITests.xctest */,
			);
			name = Products;
			sourceTree = "<group>";
		};
		1DB2FDAA222A5C9B005A996F /* Parstagram */ = {
			isa = PBXGroup;
			children = (
				1DB2FDAB222A5C9B005A996F /* AppDelegate.swift */,
				1DB2FDAD222A5C9B005A996F /* ViewController.swift */,
				1DB2FDAF222A5C9B005A996F /* Main.storyboard */,
				1DB2FDB2222A5C9F005A996F /* Assets.xcassets */,
				1DB2FDB4222A5C9F005A996F /* LaunchScreen.storyboard */,
				1DB2FDB7222A5C9F005A996F /* Info.plist */,
			);
			path = Parstagram;
			sourceTree = "<group>";
		};
		1DB2FDBF222A5C9F005A996F /* ParstagramTests */ = {
			isa = PBXGroup;
			children = (
				1DB2FDC0222A5C9F005A996F /* ParstagramTests.swift */,
				1DB2FDC2222A5C9F005A996F /* Info.plist */,
			);
			path = ParstagramTests;
			sourceTree = "<group>";
		};
		1DB2FDCA222A5C9F005A996F /* ParstagramUITests */ = {
			isa = PBXGroup;
			children = (
				1DB2FDCB222A5C9F005A996F /* ParstagramUITests.swift */,
				1DB2FDCD222A5C9F005A996F /* Info.plist */,
			);
			path = ParstagramUITests;
			sourceTree = "<group>";
		};
/* End PBXGroup section */

/* Begin PBXNativeTarget section */
		1DB2FDA7222A5C9B005A996F /* Parstagram */ = {
			isa = PBXNativeTarget;
			buildConfigurationList = 1DB2FDD0222A5C9F005A996F /* Build configuration list for PBXNativeTarget "Parstagram" */;
			buildPhases = (
				1DB2FDA4222A5C9B005A996F /* Sources */,
				1DB2FDA5222A5C9B005A996F /* Frameworks */,
				1DB2FDA6222A5C9B005A996F /* Resources */,
			);
			buildRules = (
			);
			dependencies = (
			);
			name = Parstagram;
			productName = Parstagram;
			productReference = 1DB2FDA8222A5C9B005A996F /* Parstagram.app */;
			productType = "com.apple.product-type.application";
		};
		1DB2FDBB222A5C9F005A996F /* ParstagramTests */ = {
			isa = PBXNativeTarget;
			buildConfigurationList = 1DB2FDD3222A5C9F005A996F /* Build configuration list for PBXNativeTarget "ParstagramTests" */;
			buildPhases = (
				1DB2FDB8222A5C9F005A996F /* Sources */,
				1DB2FDB9222A5C9F005A996F /* Frameworks */,
				1DB2FDBA222A5C9F005A996F /* Resources */,
			);
			buildRules = (
			);
			dependencies = (
				1DB2FDBE222A5C9F005A996F /* PBXTargetDependency */,
			);
			name = ParstagramTests;
			productName = ParstagramTests;
			productReference = 1DB2FDBC222A5C9F005A996F /* ParstagramTests.xctest */;
			productType = "com.apple.product-type.bundle.unit-test";
		};
		1DB2FDC6222A5C9F005A996F /* ParstagramUITests */ = {
			isa = PBXNativeTarget;
			buildConfigurationList = 1DB2FDD6222A5C9F005A996F /* Build configuration list for PBXNativeTarget "ParstagramUITests" */;
			buildPhases = (
				1DB2FDC3222A5C9F005A996F /* Sources */,
				1DB2FDC4222A5C9F005A996F /* Frameworks */,
				1DB2FDC5222A5C9F005A996F /* Resources */,
			);
			buildRules = (
			);
			dependencies = (
				1DB2FDC9222A5C9F005A996F /* PBXTargetDependency */,
			);
			name = ParstagramUITests;
			productName = ParstagramUITests;
			productReference = 1DB2FDC7222A5C9F005A996F /* ParstagramUITests.xctest */;
			productType = "com.apple.product-type.bundle.ui-testing";
		};
/* End PBXNativeTarget section */

/* Begin PBXProject section */
		1DB2FDA0222A5C9B005A996F /* Project object */ = {
			isa = PBXProject;
			attributes = {
				LastSwiftUpdateCheck = 1010;
				LastUpgradeCheck = 1010;
				ORGANIZATIONNAME = "Jasmine Chen";
				TargetAttributes = {
					1DB2FDA7222A5C9B005A996F = {
						CreatedOnToolsVersion = 10.1;
					};
					1DB2FDBB222A5C9F005A996F = {
						CreatedOnToolsVersion = 10.1;
						TestTargetID = 1DB2FDA7222A5C9B005A996F;
					};
					1DB2FDC6222A5C9F005A996F = {
						CreatedOnToolsVersion = 10.1;
						TestTargetID = 1DB2FDA7222A5C9B005A996F;
					};
				};
			};
			buildConfigurationList = 1DB2FDA3222A5C9B005A996F /* Build configuration list for PBXProject "Parstagram" */;
			compatibilityVersion = "Xcode 9.3";
			developmentRegion = en;
			hasScannedForEncodings = 0;
			knownRegions = (
				en,
				Base,
			);
			mainGroup = 1DB2FD9F222A5C9B005A996F;
			productRefGroup = 1DB2FDA9222A5C9B005A996F /* Products */;
			projectDirPath = "";
			projectRoot = "";
			targets = (
				1DB2FDA7222A5C9B005A996F /* Parstagram */,
				1DB2FDBB222A5C9F005A996F /* ParstagramTests */,
				1DB2FDC6222A5C9F005A996F /* ParstagramUITests */,
			);
		};
/* End PBXProject section */

/* Begin PBXResourcesBuildPhase section */
		1DB2FDA6222A5C9B005A996F /* Resources */ = {
			isa = PBXResourcesBuildPhase;
			buildActionMask = 2147483647;
			files = (
				1DB2FDB6222A5C9F005A996F /* LaunchScreen.storyboard in Resources */,
				1DB2FDB3222A5C9F005A996F /* Assets.xcassets in Resources */,
				1DB2FDB1222A5C9B005A996F /* Main.storyboard in Resources */,
			);
			runOnlyForDeploymentPostprocessing = 0;
		};
		1DB2FDBA222A5C9F005A996F /* Resources */ = {
			isa = PBXResourcesBuildPhase;
			buildActionMask = 2147483647;
			files = (
			);
			runOnlyForDeploymentPostprocessing = 0;
		};
		1DB2FDC5222A5C9F005A996F /* Resources */ = {
			isa = PBXResourcesBuildPhase;
			buildActionMask = 2147483647;
			files = (
			);
			runOnlyForDeploymentPostprocessing = 0;
		};
/* End PBXResourcesBuildPhase section */

/* Begin PBXSourcesBuildPhase section */
		1DB2FDA4222A5C9B005A996F /* Sources */ = {
			isa = PBXSourcesBuildPhase;
			buildActionMask = 2147483647;
			files = (
				1DB2FDAE222A5C9B005A996F /* ViewController.swift in Sources */,
				1DB2FDAC222A5C9B005A996F /* AppDelegate.swift in Sources */,
			);
			runOnlyForDeploymentPostprocessing = 0;
		};
		1DB2FDB8222A5C9F005A996F /* Sources */ = {
			isa = PBXSourcesBuildPhase;
			buildActionMask = 2147483647;
			files = (
				1DB2FDC1222A5C9F005A996F /* ParstagramTests.swift in Sources */,
			);
			runOnlyForDeploymentPostprocessing = 0;
		};
		1DB2FDC3222A5C9F005A996F /* Sources */ = {
			isa = PBXSourcesBuildPhase;
			buildActionMask = 2147483647;
			files = (
				1DB2FDCC222A5C9F005A996F /* ParstagramUITests.swift in Sources */,
			);
			runOnlyForDeploymentPostprocessing = 0;
		};
/* End PBXSourcesBuildPhase section */

/* Begin PBXTargetDependency section */
		1DB2FDBE222A5C9F005A996F /* PBXTargetDependency */ = {
			isa = PBXTargetDependency;
			target = 1DB2FDA7222A5C9B005A996F /* Parstagram */;
			targetProxy = 1DB2FDBD222A5C9F005A996F /* PBXContainerItemProxy */;
		};
		1DB2FDC9222A5C9F005A996F /* PBXTargetDependency */ = {
			isa = PBXTargetDependency;
			target = 1DB2FDA7222A5C9B005A996F /* Parstagram */;
			targetProxy = 1DB2FDC8222A5C9F005A996F /* PBXContainerItemProxy */;
		};
/* End PBXTargetDependency section */

/* Begin PBXVariantGroup section */
		1DB2FDAF222A5C9B005A996F /* Main.storyboard */ = {
			isa = PBXVariantGroup;
			children = (
				1DB2FDB0222A5C9B005A996F /* Base */,
			);
			name = Main.storyboard;
			sourceTree = "<group>";
		};
		1DB2FDB4222A5C9F005A996F /* LaunchScreen.storyboard */ = {
			isa = PBXVariantGroup;
			children = (
				1DB2FDB5222A5C9F005A996F /* Base */,
			);
			name = LaunchScreen.storyboard;
			sourceTree = "<group>";
		};
/* End PBXVariantGroup section */

/* Begin XCBuildConfiguration section */
		1DB2FDCE222A5C9F005A996F /* Debug */ = {
			isa = XCBuildConfiguration;
			buildSettings = {
				ALWAYS_SEARCH_USER_PATHS = NO;
				CLANG_ANALYZER_NONNULL = YES;
				CLANG_ANALYZER_NUMBER_OBJECT_CONVERSION = YES_AGGRESSIVE;
				CLANG_CXX_LANGUAGE_STANDARD = "gnu++14";
				CLANG_CXX_LIBRARY = "libc++";
				CLANG_ENABLE_MODULES = YES;
				CLANG_ENABLE_OBJC_ARC = YES;
				CLANG_ENABLE_OBJC_WEAK = YES;
				CLANG_WARN_BLOCK_CAPTURE_AUTORELEASING = YES;
				CLANG_WARN_BOOL_CONVERSION = YES;
				CLANG_WARN_COMMA = YES;
				CLANG_WARN_CONSTANT_CONVERSION = YES;
				CLANG_WARN_DEPRECATED_OBJC_IMPLEMENTATIONS = YES;
				CLANG_WARN_DIRECT_OBJC_ISA_USAGE = YES_ERROR;
				CLANG_WARN_DOCUMENTATION_COMMENTS = YES;
				CLANG_WARN_EMPTY_BODY = YES;
				CLANG_WARN_ENUM_CONVERSION = YES;
				CLANG_WARN_INFINITE_RECURSION = YES;
				CLANG_WARN_INT_CONVERSION = YES;
				CLANG_WARN_NON_LITERAL_NULL_CONVERSION = YES;
				CLANG_WARN_OBJC_IMPLICIT_RETAIN_SELF = YES;
				CLANG_WARN_OBJC_LITERAL_CONVERSION = YES;
				CLANG_WARN_OBJC_ROOT_CLASS = YES_ERROR;
				CLANG_WARN_RANGE_LOOP_ANALYSIS = YES;
				CLANG_WARN_STRICT_PROTOTYPES = YES;
				CLANG_WARN_SUSPICIOUS_MOVE = YES;
				CLANG_WARN_UNGUARDED_AVAILABILITY = YES_AGGRESSIVE;
				CLANG_WARN_UNREACHABLE_CODE = YES;
				CLANG_WARN__DUPLICATE_METHOD_MATCH = YES;
				CODE_SIGN_IDENTITY = "iPhone Developer";
				COPY_PHASE_STRIP = NO;
				DEBUG_INFORMATION_FORMAT = dwarf;
				ENABLE_STRICT_OBJC_MSGSEND = YES;
				ENABLE_TESTABILITY = YES;
				GCC_C_LANGUAGE_STANDARD = gnu11;
				GCC_DYNAMIC_NO_PIC = NO;
				GCC_NO_COMMON_BLOCKS = YES;
				GCC_OPTIMIZATION_LEVEL = 0;
				GCC_PREPROCESSOR_DEFINITIONS = (
					"DEBUG=1",
					"$(inherited)",
				);
				GCC_WARN_64_TO_32_BIT_CONVERSION = YES;
				GCC_WARN_ABOUT_RETURN_TYPE = YES_ERROR;
				GCC_WARN_UNDECLARED_SELECTOR = YES;
				GCC_WARN_UNINITIALIZED_AUTOS = YES_AGGRESSIVE;
				GCC_WARN_UNUSED_FUNCTION = YES;
				GCC_WARN_UNUSED_VARIABLE = YES;
				IPHONEOS_DEPLOYMENT_TARGET = 12.1;
				MTL_ENABLE_DEBUG_INFO = INCLUDE_SOURCE;
				MTL_FAST_MATH = YES;
				ONLY_ACTIVE_ARCH = YES;
				SDKROOT = iphoneos;
				SWIFT_ACTIVE_COMPILATION_CONDITIONS = DEBUG;
				SWIFT_OPTIMIZATION_LEVEL = "-Onone";
			};
			name = Debug;
		};
		1DB2FDCF222A5C9F005A996F /* Release */ = {
			isa = XCBuildConfiguration;
			buildSettings = {
				ALWAYS_SEARCH_USER_PATHS = NO;
				CLANG_ANALYZER_NONNULL = YES;
				CLANG_ANALYZER_NUMBER_OBJECT_CONVERSION = YES_AGGRESSIVE;
				CLANG_CXX_LANGUAGE_STANDARD = "gnu++14";
				CLANG_CXX_LIBRARY = "libc++";
				CLANG_ENABLE_MODULES = YES;
				CLANG_ENABLE_OBJC_ARC = YES;
				CLANG_ENABLE_OBJC_WEAK = YES;
				CLANG_WARN_BLOCK_CAPTURE_AUTORELEASING = YES;
				CLANG_WARN_BOOL_CONVERSION = YES;
				CLANG_WARN_COMMA = YES;
				CLANG_WARN_CONSTANT_CONVERSION = YES;
				CLANG_WARN_DEPRECATED_OBJC_IMPLEMENTATIONS = YES;
				CLANG_WARN_DIRECT_OBJC_ISA_USAGE = YES_ERROR;
				CLANG_WARN_DOCUMENTATION_COMMENTS = YES;
				CLANG_WARN_EMPTY_BODY = YES;
				CLANG_WARN_ENUM_CONVERSION = YES;
				CLANG_WARN_INFINITE_RECURSION = YES;
				CLANG_WARN_INT_CONVERSION = YES;
				CLANG_WARN_NON_LITERAL_NULL_CONVERSION = YES;
				CLANG_WARN_OBJC_IMPLICIT_RETAIN_SELF = YES;
				CLANG_WARN_OBJC_LITERAL_CONVERSION = YES;
				CLANG_WARN_OBJC_ROOT_CLASS = YES_ERROR;
				CLANG_WARN_RANGE_LOOP_ANALYSIS = YES;
				CLANG_WARN_STRICT_PROTOTYPES = YES;
				CLANG_WARN_SUSPICIOUS_MOVE = YES;
				CLANG_WARN_UNGUARDED_AVAILABILITY = YES_AGGRESSIVE;
				CLANG_WARN_UNREACHABLE_CODE = YES;
				CLANG_WARN__DUPLICATE_METHOD_MATCH = YES;
				CODE_SIGN_IDENTITY = "iPhone Developer";
				COPY_PHASE_STRIP = NO;
				DEBUG_INFORMATION_FORMAT = "dwarf-with-dsym";
				ENABLE_NS_ASSERTIONS = NO;
				ENABLE_STRICT_OBJC_MSGSEND = YES;
				GCC_C_LANGUAGE_STANDARD = gnu11;
				GCC_NO_COMMON_BLOCKS = YES;
				GCC_WARN_64_TO_32_BIT_CONVERSION = YES;
				GCC_WARN_ABOUT_RETURN_TYPE = YES_ERROR;
				GCC_WARN_UNDECLARED_SELECTOR = YES;
				GCC_WARN_UNINITIALIZED_AUTOS = YES_AGGRESSIVE;
				GCC_WARN_UNUSED_FUNCTION = YES;
				GCC_WARN_UNUSED_VARIABLE = YES;
				IPHONEOS_DEPLOYMENT_TARGET = 12.1;
				MTL_ENABLE_DEBUG_INFO = NO;
				MTL_FAST_MATH = YES;
				SDKROOT = iphoneos;
				SWIFT_COMPILATION_MODE = wholemodule;
				SWIFT_OPTIMIZATION_LEVEL = "-O";
				VALIDATE_PRODUCT = YES;
			};
			name = Release;
		};
		1DB2FDD1222A5C9F005A996F /* Debug */ = {
			isa = XCBuildConfiguration;
			buildSettings = {
				ASSETCATALOG_COMPILER_APPICON_NAME = AppIcon;
				CODE_SIGN_STYLE = Automatic;
				DEVELOPMENT_TEAM = R9RQGQ4929;
				INFOPLIST_FILE = Parstagram/Info.plist;
				LD_RUNPATH_SEARCH_PATHS = (
					"$(inherited)",
					"@executable_path/Frameworks",
				);
				PRODUCT_BUNDLE_IDENTIFIER = com.jasminechen.Parstagram;
				PRODUCT_NAME = "$(TARGET_NAME)";
				SWIFT_VERSION = 4.2;
				TARGETED_DEVICE_FAMILY = "1,2";
			};
			name = Debug;
		};
		1DB2FDD2222A5C9F005A996F /* Release */ = {
			isa = XCBuildConfiguration;
			buildSettings = {
				ASSETCATALOG_COMPILER_APPICON_NAME = AppIcon;
				CODE_SIGN_STYLE = Automatic;
				DEVELOPMENT_TEAM = R9RQGQ4929;
				INFOPLIST_FILE = Parstagram/Info.plist;
				LD_RUNPATH_SEARCH_PATHS = (
					"$(inherited)",
					"@executable_path/Frameworks",
				);
				PRODUCT_BUNDLE_IDENTIFIER = com.jasminechen.Parstagram;
				PRODUCT_NAME = "$(TARGET_NAME)";
				SWIFT_VERSION = 4.2;
				TARGETED_DEVICE_FAMILY = "1,2";
			};
			name = Release;
		};
		1DB2FDD4222A5C9F005A996F /* Debug */ = {
			isa = XCBuildConfiguration;
			buildSettings = {
				ALWAYS_EMBED_SWIFT_STANDARD_LIBRARIES = YES;
				BUNDLE_LOADER = "$(TEST_HOST)";
				CODE_SIGN_STYLE = Automatic;
				DEVELOPMENT_TEAM = R9RQGQ4929;
				INFOPLIST_FILE = ParstagramTests/Info.plist;
				LD_RUNPATH_SEARCH_PATHS = (
					"$(inherited)",
					"@executable_path/Frameworks",
					"@loader_path/Frameworks",
				);
				PRODUCT_BUNDLE_IDENTIFIER = com.jasminechen.ParstagramTests;
				PRODUCT_NAME = "$(TARGET_NAME)";
				SWIFT_VERSION = 4.2;
				TARGETED_DEVICE_FAMILY = "1,2";
				TEST_HOST = "$(BUILT_PRODUCTS_DIR)/Parstagram.app/Parstagram";
			};
			name = Debug;
		};
		1DB2FDD5222A5C9F005A996F /* Release */ = {
			isa = XCBuildConfiguration;
			buildSettings = {
				ALWAYS_EMBED_SWIFT_STANDARD_LIBRARIES = YES;
				BUNDLE_LOADER = "$(TEST_HOST)";
				CODE_SIGN_STYLE = Automatic;
				DEVELOPMENT_TEAM = R9RQGQ4929;
				INFOPLIST_FILE = ParstagramTests/Info.plist;
				LD_RUNPATH_SEARCH_PATHS = (
					"$(inherited)",
					"@executable_path/Frameworks",
					"@loader_path/Frameworks",
				);
				PRODUCT_BUNDLE_IDENTIFIER = com.jasminechen.ParstagramTests;
				PRODUCT_NAME = "$(TARGET_NAME)";
				SWIFT_VERSION = 4.2;
				TARGETED_DEVICE_FAMILY = "1,2";
				TEST_HOST = "$(BUILT_PRODUCTS_DIR)/Parstagram.app/Parstagram";
			};
			name = Release;
		};
		1DB2FDD7222A5C9F005A996F /* Debug */ = {
			isa = XCBuildConfiguration;
			buildSettings = {
				ALWAYS_EMBED_SWIFT_STANDARD_LIBRARIES = YES;
				CODE_SIGN_STYLE = Automatic;
				DEVELOPMENT_TEAM = R9RQGQ4929;
				INFOPLIST_FILE = ParstagramUITests/Info.plist;
				LD_RUNPATH_SEARCH_PATHS = (
					"$(inherited)",
					"@executable_path/Frameworks",
					"@loader_path/Frameworks",
				);
				PRODUCT_BUNDLE_IDENTIFIER = com.jasminechen.ParstagramUITests;
				PRODUCT_NAME = "$(TARGET_NAME)";
				SWIFT_VERSION = 4.2;
				TARGETED_DEVICE_FAMILY = "1,2";
				TEST_TARGET_NAME = Parstagram;
			};
			name = Debug;
		};
		1DB2FDD8222A5C9F005A996F /* Release */ = {
			isa = XCBuildConfiguration;
			buildSettings = {
				ALWAYS_EMBED_SWIFT_STANDARD_LIBRARIES = YES;
				CODE_SIGN_STYLE = Automatic;
				DEVELOPMENT_TEAM = R9RQGQ4929;
				INFOPLIST_FILE = ParstagramUITests/Info.plist;
				LD_RUNPATH_SEARCH_PATHS = (
					"$(inherited)",
					"@executable_path/Frameworks",
					"@loader_path/Frameworks",
				);
				PRODUCT_BUNDLE_IDENTIFIER = com.jasminechen.ParstagramUITests;
				PRODUCT_NAME = "$(TARGET_NAME)";
				SWIFT_VERSION = 4.2;
				TARGETED_DEVICE_FAMILY = "1,2";
				TEST_TARGET_NAME = Parstagram;
			};
			name = Release;
		};
/* End XCBuildConfiguration section */

/* Begin XCConfigurationList section */
		1DB2FDA3222A5C9B005A996F /* Build configuration list for PBXProject "Parstagram" */ = {
			isa = XCConfigurationList;
			buildConfigurations = (
				1DB2FDCE222A5C9F005A996F /* Debug */,
				1DB2FDCF222A5C9F005A996F /* Release */,
			);
			defaultConfigurationIsVisible = 0;
			defaultConfigurationName = Release;
		};
		1DB2FDD0222A5C9F005A996F /* Build configuration list for PBXNativeTarget "Parstagram" */ = {
			isa = XCConfigurationList;
			buildConfigurations = (
				1DB2FDD1222A5C9F005A996F /* Debug */,
				1DB2FDD2222A5C9F005A996F /* Release */,
			);
			defaultConfigurationIsVisible = 0;
			defaultConfigurationName = Release;
		};
		1DB2FDD3222A5C9F005A996F /* Build configuration list for PBXNativeTarget "ParstagramTests" */ = {
			isa = XCConfigurationList;
			buildConfigurations = (
				1DB2FDD4222A5C9F005A996F /* Debug */,
				1DB2FDD5222A5C9F005A996F /* Release */,
			);
			defaultConfigurationIsVisible = 0;
			defaultConfigurationName = Release;
		};
		1DB2FDD6222A5C9F005A996F /* Build configuration list for PBXNativeTarget "ParstagramUITests" */ = {
			isa = XCConfigurationList;
			buildConfigurations = (
				1DB2FDD7222A5C9F005A996F /* Debug */,
				1DB2FDD8222A5C9F005A996F /* Release */,
			);
			defaultConfigurationIsVisible = 0;
			defaultConfigurationName = Release;
		};
/* End XCConfigurationList section */
	};
	rootObject = 1DB2FDA0222A5C9B005A996F /* Project object */;
}
